
Microsoft Visual Studio Solution File, Format Version 12.00
Project("{2150E333-8FDC-42A3-9474-1A3956D46DE8}") = "src", "src", "{20A9CC62-32E6-4992-8E99-D9D03329842F}"
EndProject
Project("{2150E333-8FDC-42A3-9474-1A3956D46DE8}") = "Api", "Api", "{AF470509-DE61-49F7-BF2D-191C3576CC38}"
EndProject
Project("{2150E333-8FDC-42A3-9474-1A3956D46DE8}") = "Clients", "Clients", "{058327EC-8B4D-4646-B86B-2897F1C8AB48}"
EndProject
Project("{2150E333-8FDC-42A3-9474-1A3956D46DE8}") = "Common", "Common", "{BCA14EFC-6BCC-4C5A-8461-59D87907EB47}"
EndProject
Project("{2150E333-8FDC-42A3-9474-1A3956D46DE8}") = "Projections", "Projections", "{EDB8A546-F846-4597-88F3-1CB5DDAC5977}"
EndProject
Project("{2150E333-8FDC-42A3-9474-1A3956D46DE8}") = "Core", "Core", "{83C366BF-C1AD-4BD8-88EE-6BD8BE30C911}"
EndProject
Project("{2150E333-8FDC-42A3-9474-1A3956D46DE8}") = "Infrastructure", "Infrastructure", "{CE6A9162-EE10-48A5-95FE-98A9291299E6}"
EndProject
Project("{2150E333-8FDC-42A3-9474-1A3956D46DE8}") = "WebApi", "WebApi", "{69F9A407-0278-458A-8A88-498099B176C1}"
EndProject
Project("{2150E333-8FDC-42A3-9474-1A3956D46DE8}") = "BlazorWeb", "BlazorWeb", "{CE15AD58-90CC-4D9A-BA68-55E7031B50BD}"
EndProject
Project("{FAE04EC0-301F-11D3-BF4B-00C04F79EFBC}") = "CimcikSozluk.Common", "src\Common\CimcikSozluk.Common\CimcikSozluk.Common.csproj", "{4417F13D-C33D-4182-AD28-7EFB822345C7}"
EndProject
Project("{FAE04EC0-301F-11D3-BF4B-00C04F79EFBC}") = "CimcikSozluk.Api.Domain", "src\Api\Core\CimcikSozluk.Api.Domain\CimcikSozluk.Api.Domain.csproj", "{0288A320-0BF7-4E85-BABF-1BEE7F28B7DF}"
EndProject
Project("{FAE04EC0-301F-11D3-BF4B-00C04F79EFBC}") = "CimcikSozluk.Api.Application", "src\Api\Core\CimcikSozluk.Api.Application\CimcikSozluk.Api.Application.csproj", "{149FAC8D-D17D-464B-B0F5-F482C328AECD}"
EndProject
Project("{FAE04EC0-301F-11D3-BF4B-00C04F79EFBC}") = "CimcikSozluk.Infrastructure.Persistence", "src\Api\Infrastructure\CimcikSozluk.Infrastructure.Persistence\CimcikSozluk.Infrastructure.Persistence.csproj", "{1AA7520E-2874-4A71-8508-23000173FC57}"
EndProject
Project("{FAE04EC0-301F-11D3-BF4B-00C04F79EFBC}") = "CimcikSozluk.Api.WebApi", "src\Api\WebApi\CimcikSozluk.Api.WebApi\CimcikSozluk.Api.WebApi.csproj", "{8B371DD1-EA1B-4373-97E2-075AA690D26E}"
EndProject
Project("{FAE04EC0-301F-11D3-BF4B-00C04F79EFBC}") = "CimcikSozluk.Projections.FavoriteService", "src\Projections\CimcikSozluk.Projections.FavoriteService\CimcikSozluk.Projections.FavoriteService.csproj", "{D73AB0C1-8C49-406A-8569-34B42C2472CD}"
EndProject
Project("{FAE04EC0-301F-11D3-BF4B-00C04F79EFBC}") = "CimcikSozluk.Projections.VoteService", "src\Projections\CimcikSozluk.Projections.VoteService\CimcikSozluk.Projections.VoteService.csproj", "{6B6E5B13-4703-4FB7-90C0-CB992F66BA17}"
EndProject
Project("{FAE04EC0-301F-11D3-BF4B-00C04F79EFBC}") = "CimcikSozluk.Projections.UserService", "src\Projections\CimcikSozluk.Projections.UserService\CimcikSozluk.Projections.UserService.csproj", "{D3D9863E-BF13-47CF-A87F-66E995A1CC9F}"
EndProject
Project("{FAE04EC0-301F-11D3-BF4B-00C04F79EFBC}") = "CimcikSozluk.WebApp", "src\Clients\BlazorWeb\CimcikSozluk.WebApp\CimcikSozluk.WebApp.csproj", "{2CAA7E4A-73BD-4308-9758-1476F09025E4}"
EndProject
Global
	GlobalSection(SolutionConfigurationPlatforms) = preSolution
		Debug|Any CPU = Debug|Any CPU
		Release|Any CPU = Release|Any CPU
	EndGlobalSection
	GlobalSection(NestedProjects) = preSolution
		{AF470509-DE61-49F7-BF2D-191C3576CC38} = {20A9CC62-32E6-4992-8E99-D9D03329842F}
		{058327EC-8B4D-4646-B86B-2897F1C8AB48} = {20A9CC62-32E6-4992-8E99-D9D03329842F}
		{BCA14EFC-6BCC-4C5A-8461-59D87907EB47} = {20A9CC62-32E6-4992-8E99-D9D03329842F}
		{EDB8A546-F846-4597-88F3-1CB5DDAC5977} = {20A9CC62-32E6-4992-8E99-D9D03329842F}
		{83C366BF-C1AD-4BD8-88EE-6BD8BE30C911} = {AF470509-DE61-49F7-BF2D-191C3576CC38}
		{CE6A9162-EE10-48A5-95FE-98A9291299E6} = {AF470509-DE61-49F7-BF2D-191C3576CC38}
		{69F9A407-0278-458A-8A88-498099B176C1} = {AF470509-DE61-49F7-BF2D-191C3576CC38}
		{CE15AD58-90CC-4D9A-BA68-55E7031B50BD} = {058327EC-8B4D-4646-B86B-2897F1C8AB48}
		{4417F13D-C33D-4182-AD28-7EFB822345C7} = {BCA14EFC-6BCC-4C5A-8461-59D87907EB47}
		{0288A320-0BF7-4E85-BABF-1BEE7F28B7DF} = {83C366BF-C1AD-4BD8-88EE-6BD8BE30C911}
		{149FAC8D-D17D-464B-B0F5-F482C328AECD} = {83C366BF-C1AD-4BD8-88EE-6BD8BE30C911}
		{1AA7520E-2874-4A71-8508-23000173FC57} = {CE6A9162-EE10-48A5-95FE-98A9291299E6}
		{8B371DD1-EA1B-4373-97E2-075AA690D26E} = {69F9A407-0278-458A-8A88-498099B176C1}
		{D73AB0C1-8C49-406A-8569-34B42C2472CD} = {EDB8A546-F846-4597-88F3-1CB5DDAC5977}
		{6B6E5B13-4703-4FB7-90C0-CB992F66BA17} = {EDB8A546-F846-4597-88F3-1CB5DDAC5977}
		{D3D9863E-BF13-47CF-A87F-66E995A1CC9F} = {EDB8A546-F846-4597-88F3-1CB5DDAC5977}
		{2CAA7E4A-73BD-4308-9758-1476F09025E4} = {CE15AD58-90CC-4D9A-BA68-55E7031B50BD}
	EndGlobalSection
	GlobalSection(ProjectConfigurationPlatforms) = postSolution
		{4417F13D-C33D-4182-AD28-7EFB822345C7}.Debug|Any CPU.ActiveCfg = Debug|Any CPU
		{4417F13D-C33D-4182-AD28-7EFB822345C7}.Debug|Any CPU.Build.0 = Debug|Any CPU
		{4417F13D-C33D-4182-AD28-7EFB822345C7}.Release|Any CPU.ActiveCfg = Release|Any CPU
		{4417F13D-C33D-4182-AD28-7EFB822345C7}.Release|Any CPU.Build.0 = Release|Any CPU
		{0288A320-0BF7-4E85-BABF-1BEE7F28B7DF}.Debug|Any CPU.ActiveCfg = Debug|Any CPU
		{0288A320-0BF7-4E85-BABF-1BEE7F28B7DF}.Debug|Any CPU.Build.0 = Debug|Any CPU
		{0288A320-0BF7-4E85-BABF-1BEE7F28B7DF}.Release|Any CPU.ActiveCfg = Release|Any CPU
		{0288A320-0BF7-4E85-BABF-1BEE7F28B7DF}.Release|Any CPU.Build.0 = Release|Any CPU
		{149FAC8D-D17D-464B-B0F5-F482C328AECD}.Debug|Any CPU.ActiveCfg = Debug|Any CPU
		{149FAC8D-D17D-464B-B0F5-F482C328AECD}.Debug|Any CPU.Build.0 = Debug|Any CPU
		{149FAC8D-D17D-464B-B0F5-F482C328AECD}.Release|Any CPU.ActiveCfg = Release|Any CPU
		{149FAC8D-D17D-464B-B0F5-F482C328AECD}.Release|Any CPU.Build.0 = Release|Any CPU
		{1AA7520E-2874-4A71-8508-23000173FC57}.Debug|Any CPU.ActiveCfg = Debug|Any CPU
		{1AA7520E-2874-4A71-8508-23000173FC57}.Debug|Any CPU.Build.0 = Debug|Any CPU
		{1AA7520E-2874-4A71-8508-23000173FC57}.Release|Any CPU.ActiveCfg = Release|Any CPU
		{1AA7520E-2874-4A71-8508-23000173FC57}.Release|Any CPU.Build.0 = Release|Any CPU
		{8B371DD1-EA1B-4373-97E2-075AA690D26E}.Debug|Any CPU.ActiveCfg = Debug|Any CPU
		{8B371DD1-EA1B-4373-97E2-075AA690D26E}.Debug|Any CPU.Build.0 = Debug|Any CPU
		{8B371DD1-EA1B-4373-97E2-075AA690D26E}.Release|Any CPU.ActiveCfg = Release|Any CPU
		{8B371DD1-EA1B-4373-97E2-075AA690D26E}.Release|Any CPU.Build.0 = Release|Any CPU
		{D73AB0C1-8C49-406A-8569-34B42C2472CD}.Debug|Any CPU.ActiveCfg = Debug|Any CPU
		{D73AB0C1-8C49-406A-8569-34B42C2472CD}.Debug|Any CPU.Build.0 = Debug|Any CPU
		{D73AB0C1-8C49-406A-8569-34B42C2472CD}.Release|Any CPU.ActiveCfg = Release|Any CPU
		{D73AB0C1-8C49-406A-8569-34B42C2472CD}.Release|Any CPU.Build.0 = Release|Any CPU
		{6B6E5B13-4703-4FB7-90C0-CB992F66BA17}.Debug|Any CPU.ActiveCfg = Debug|Any CPU
		{6B6E5B13-4703-4FB7-90C0-CB992F66BA17}.Debug|Any CPU.Build.0 = Debug|Any CPU
		{6B6E5B13-4703-4FB7-90C0-CB992F66BA17}.Release|Any CPU.ActiveCfg = Release|Any CPU
		{6B6E5B13-4703-4FB7-90C0-CB992F66BA17}.Release|Any CPU.Build.0 = Release|Any CPU
		{D3D9863E-BF13-47CF-A87F-66E995A1CC9F}.Debug|Any CPU.ActiveCfg = Debug|Any CPU
		{D3D9863E-BF13-47CF-A87F-66E995A1CC9F}.Debug|Any CPU.Build.0 = Debug|Any CPU
		{D3D9863E-BF13-47CF-A87F-66E995A1CC9F}.Release|Any CPU.ActiveCfg = Release|Any CPU
		{D3D9863E-BF13-47CF-A87F-66E995A1CC9F}.Release|Any CPU.Build.0 = Release|Any CPU
		{2CAA7E4A-73BD-4308-9758-1476F09025E4}.Debug|Any CPU.ActiveCfg = Debug|Any CPU
		{2CAA7E4A-73BD-4308-9758-1476F09025E4}.Debug|Any CPU.Build.0 = Debug|Any CPU
		{2CAA7E4A-73BD-4308-9758-1476F09025E4}.Release|Any CPU.ActiveCfg = Release|Any CPU
		{2CAA7E4A-73BD-4308-9758-1476F09025E4}.Release|Any CPU.Build.0 = Release|Any CPU
	EndGlobalSection
EndGlobal
